
Microsoft Visual Studio Solution File, Format Version 12.00
# Visual Studio Version 17
VisualStudioVersion = 17.7.34221.43
MinimumVisualStudioVersion = 10.0.40219.1
Project("{9A19103F-16F7-4668-BE54-9A1E7A4F7556}") = "currenttimeservice", "currenttimeservice.csproj", "{376767DE-133C-4814-A36D-B090B3F50DAA}"
EndProject
Global
	GlobalSection(SolutionConfigurationPlatforms) = preSolution
		Debug|Any CPU = Debug|Any CPU
		Release|Any CPU = Release|Any CPU
	EndGlobalSection
	GlobalSection(ProjectConfigurationPlatforms) = postSolution
		{376767DE-133C-4814-A36D-B090B3F50DAA}.Debug|Any CPU.ActiveCfg = Debug|Any CPU
		{376767DE-133C-4814-A36D-B090B3F50DAA}.Debug|Any CPU.Build.0 = Debug|Any CPU
		{376767DE-133C-4814-A36D-B090B3F50DAA}.Release|Any CPU.ActiveCfg = Release|Any CPU
		{376767DE-133C-4814-A36D-B090B3F50DAA}.Release|Any CPU.Build.0 = Release|Any CPU
	EndGlobalSection
	GlobalSection(SolutionProperties) = preSolution
		HideSolutionNode = FALSE
	EndGlobalSection
	GlobalSection(ExtensibilityGlobals) = postSolution
		SolutionGuid = {A630F60A-7BC4-4594-A474-E824E01D2D88}
	EndGlobalSection
EndGlobal
